
Microsoft Visual Studio Solution File, Format Version 12.00
# Visual Studio Version 17
VisualStudioVersion = 17.1.32319.34
MinimumVisualStudioVersion = 10.0.40219.1
Project("{FAE04EC0-301F-11D3-BF4B-00C04F79EFBC}") = "iz2_opp", "iz2_opp.csproj", "{B4141E5C-58D9-4E08-B01B-2894B8D5608F}"
EndProject
Global
	GlobalSection(SolutionConfigurationPlatforms) = preSolution
		Debug|Any CPU = Debug|Any CPU
		Release|Any CPU = Release|Any CPU
	EndGlobalSection
	GlobalSection(ProjectConfigurationPlatforms) = postSolution
		{B4141E5C-58D9-4E08-B01B-2894B8D5608F}.Debug|Any CPU.ActiveCfg = Debug|Any CPU
		{B4141E5C-58D9-4E08-B01B-2894B8D5608F}.Debug|Any CPU.Build.0 = Debug|Any CPU
		{B4141E5C-58D9-4E08-B01B-2894B8D5608F}.Release|Any CPU.ActiveCfg = Release|Any CPU
		{B4141E5C-58D9-4E08-B01B-2894B8D5608F}.Release|Any CPU.Build.0 = Release|Any CPU
	EndGlobalSection
	GlobalSection(SolutionProperties) = preSolution
		HideSolutionNode = FALSE
	EndGlobalSection
	GlobalSection(ExtensibilityGlobals) = postSolution
		SolutionGuid = {50C79BD8-FF20-4623-8370-9FB66C1611AF}
	EndGlobalSection
EndGlobal
